// !$*UTF8*$!
{
	archiveVersion = 1;
	classes = {
	};
	objectVersion = 46;
	objects = {

/* Begin PBXBuildFile section */
		2CF545561A5B647100623759 /* AppDelegate.swift in Sources */ = {isa = PBXBuildFile; fileRef = 2CF545551A5B647100623759 /* AppDelegate.swift */; };
		2CF545581A5B647100623759 /* ViewController.swift in Sources */ = {isa = PBXBuildFile; fileRef = 2CF545571A5B647100623759 /* ViewController.swift */; };
		2CF5455B1A5B647100623759 /* Main.storyboard in Resources */ = {isa = PBXBuildFile; fileRef = 2CF545591A5B647100623759 /* Main.storyboard */; };
		2CF5455D1A5B647100623759 /* Images.xcassets in Resources */ = {isa = PBXBuildFile; fileRef = 2CF5455C1A5B647100623759 /* Images.xcassets */; };
		2CF545601A5B647100623759 /* LaunchScreen.xib in Resources */ = {isa = PBXBuildFile; fileRef = 2CF5455E1A5B647100623759 /* LaunchScreen.xib */; };
		2CF5456C1A5B647100623759 /* Intro_to_SwiftTests.swift in Sources */ = {isa = PBXBuildFile; fileRef = 2CF5456B1A5B647100623759 /* Intro_to_SwiftTests.swift */; };
/* End PBXBuildFile section */

/* Begin PBXContainerItemProxy section */
		2CF545661A5B647100623759 /* PBXContainerItemProxy */ = {
			isa = PBXContainerItemProxy;
			containerPortal = 2CF545481A5B647100623759 /* Project object */;
			proxyType = 1;
			remoteGlobalIDString = 2CF5454F1A5B647100623759;
			remoteInfo = "Intro to Swift";
		};
/* End PBXContainerItemProxy section */

/* Begin PBXFileReference section */
		2CF545501A5B647100623759 /* Intro to Swift.app */ = {isa = PBXFileReference; explicitFileType = wrapper.application; includeInIndex = 0; path = "Intro to Swift.app"; sourceTree = BUILT_PRODUCTS_DIR; };
		2CF545541A5B647100623759 /* Info.plist */ = {isa = PBXFileReference; lastKnownFileType = text.plist.xml; path = Info.plist; sourceTree = "<group>"; };
		2CF545551A5B647100623759 /* AppDelegate.swift */ = {isa = PBXFileReference; lastKnownFileType = sourcecode.swift; path = AppDelegate.swift; sourceTree = "<group>"; };
		2CF545571A5B647100623759 /* ViewController.swift */ = {isa = PBXFileReference; lastKnownFileType = sourcecode.swift; path = ViewController.swift; sourceTree = "<group>"; };
		2CF5455A1A5B647100623759 /* Base */ = {isa = PBXFileReference; lastKnownFileType = file.storyboard; name = Base; path = Base.lproj/Main.storyboard; sourceTree = "<group>"; };
		2CF5455C1A5B647100623759 /* Images.xcassets */ = {isa = PBXFileReference; lastKnownFileType = folder.assetcatalog; path = Images.xcassets; sourceTree = "<group>"; };
		2CF5455F1A5B647100623759 /* Base */ = {isa = PBXFileReference; lastKnownFileType = file.xib; name = Base; path = Base.lproj/LaunchScreen.xib; sourceTree = "<group>"; };
		2CF545651A5B647100623759 /* Intro to SwiftTests.xctest */ = {isa = PBXFileReference; explicitFileType = wrapper.cfbundle; includeInIndex = 0; path = "Intro to SwiftTests.xctest"; sourceTree = BUILT_PRODUCTS_DIR; };
		2CF5456A1A5B647100623759 /* Info.plist */ = {isa = PBXFileReference; lastKnownFileType = text.plist.xml; path = Info.plist; sourceTree = "<group>"; };
		2CF5456B1A5B647100623759 /* Intro_to_SwiftTests.swift */ = {isa = PBXFileReference; lastKnownFileType = sourcecode.swift; path = Intro_to_SwiftTests.swift; sourceTree = "<group>"; };
		2CF545751A5B649200623759 /* MyPlayground.playground */ = {isa = PBXFileReference; lastKnownFileType = file.playground; path = MyPlayground.playground; sourceTree = "<group>"; };
/* End PBXFileReference section */

/* Begin PBXFrameworksBuildPhase section */
		2CF5454D1A5B647100623759 /* Frameworks */ = {
			isa = PBXFrameworksBuildPhase;
			buildActionMask = 2147483647;
			files = (
			);
			runOnlyForDeploymentPostprocessing = 0;
		};
		2CF545621A5B647100623759 /* Frameworks */ = {
			isa = PBXFrameworksBuildPhase;
			buildActionMask = 2147483647;
			files = (
			);
			runOnlyForDeploymentPostprocessing = 0;
		};
/* End PBXFrameworksBuildPhase section */

/* Begin PBXGroup section */
		2CF545471A5B647100623759 = {
			isa = PBXGroup;
			children = (
				2CF545521A5B647100623759 /* Intro to Swift */,
				2CF545681A5B647100623759 /* Intro to SwiftTests */,
				2CF545511A5B647100623759 /* Products */,
			);
			sourceTree = "<group>";
		};
		2CF545511A5B647100623759 /* Products */ = {
			isa = PBXGroup;
			children = (
				2CF545501A5B647100623759 /* Intro to Swift.app */,
				2CF545651A5B647100623759 /* Intro to SwiftTests.xctest */,
			);
			name = Products;
			sourceTree = "<group>";
		};
		2CF545521A5B647100623759 /* Intro to Swift */ = {
			isa = PBXGroup;
			children = (
				2CF545551A5B647100623759 /* AppDelegate.swift */,
				2CF545571A5B647100623759 /* ViewController.swift */,
				2CF545591A5B647100623759 /* Main.storyboard */,
				2CF5455C1A5B647100623759 /* Images.xcassets */,
				2CF5455E1A5B647100623759 /* LaunchScreen.xib */,
				2CF545531A5B647100623759 /* Supporting Files */,
				2CF545751A5B649200623759 /* MyPlayground.playground */,
			);
			path = "Intro to Swift";
			sourceTree = "<group>";
		};
		2CF545531A5B647100623759 /* Supporting Files */ = {
			isa = PBXGroup;
			children = (
				2CF545541A5B647100623759 /* Info.plist */,
			);
			name = "Supporting Files";
			sourceTree = "<group>";
		};
		2CF545681A5B647100623759 /* Intro to SwiftTests */ = {
			isa = PBXGroup;
			children = (
				2CF5456B1A5B647100623759 /* Intro_to_SwiftTests.swift */,
				2CF545691A5B647100623759 /* Supporting Files */,
			);
			path = "Intro to SwiftTests";
			sourceTree = "<group>";
		};
		2CF545691A5B647100623759 /* Supporting Files */ = {
			isa = PBXGroup;
			children = (
				2CF5456A1A5B647100623759 /* Info.plist */,
			);
			name = "Supporting Files";
			sourceTree = "<group>";
		};
/* End PBXGroup section */

/* Begin PBXNativeTarget section */
		2CF5454F1A5B647100623759 /* Intro to Swift */ = {
			isa = PBXNativeTarget;
			buildConfigurationList = 2CF5456F1A5B647100623759 /* Build configuration list for PBXNativeTarget "Intro to Swift" */;
			buildPhases = (
				2CF5454C1A5B647100623759 /* Sources */,
				2CF5454D1A5B647100623759 /* Frameworks */,
				2CF5454E1A5B647100623759 /* Resources */,
			);
			buildRules = (
			);
			dependencies = (
			);
			name = "Intro to Swift";
			productName = "Intro to Swift";
			productReference = 2CF545501A5B647100623759 /* Intro to Swift.app */;
			productType = "com.apple.product-type.application";
		};
		2CF545641A5B647100623759 /* Intro to SwiftTests */ = {
			isa = PBXNativeTarget;
			buildConfigurationList = 2CF545721A5B647100623759 /* Build configuration list for PBXNativeTarget "Intro to SwiftTests" */;
			buildPhases = (
				2CF545611A5B647100623759 /* Sources */,
				2CF545621A5B647100623759 /* Frameworks */,
				2CF545631A5B647100623759 /* Resources */,
			);
			buildRules = (
			);
			dependencies = (
				2CF545671A5B647100623759 /* PBXTargetDependency */,
			);
			name = "Intro to SwiftTests";
			productName = "Intro to SwiftTests";
			productReference = 2CF545651A5B647100623759 /* Intro to SwiftTests.xctest */;
			productType = "com.apple.product-type.bundle.unit-test";
		};
/* End PBXNativeTarget section */

/* Begin PBXProject section */
		2CF545481A5B647100623759 /* Project object */ = {
			isa = PBXProject;
			attributes = {
				LastUpgradeCheck = 0610;
				ORGANIZATIONNAME = "Dan Seals";
				TargetAttributes = {
					2CF5454F1A5B647100623759 = {
						CreatedOnToolsVersion = 6.1.1;
					};
					2CF545641A5B647100623759 = {
						CreatedOnToolsVersion = 6.1.1;
						TestTargetID = 2CF5454F1A5B647100623759;
					};
				};
			};
			buildConfigurationList = 2CF5454B1A5B647100623759 /* Build configuration list for PBXProject "Intro to Swift" */;
			compatibilityVersion = "Xcode 3.2";
			developmentRegion = English;
			hasScannedForEncodings = 0;
			knownRegions = (
				en,
				Base,
			);
			mainGroup = 2CF545471A5B647100623759;
			productRefGroup = 2CF545511A5B647100623759 /* Products */;
			projectDirPath = "";
			projectRoot = "";
			targets = (
				2CF5454F1A5B647100623759 /* Intro to Swift */,
				2CF545641A5B647100623759 /* Intro to SwiftTests */,
			);
		};
/* End PBXProject section */

/* Begin PBXResourcesBuildPhase section */
		2CF5454E1A5B647100623759 /* Resources */ = {
			isa = PBXResourcesBuildPhase;
			buildActionMask = 2147483647;
			files = (
				2CF5455B1A5B647100623759 /* Main.storyboard in Resources */,
				2CF545601A5B647100623759 /* LaunchScreen.xib in Resources */,
				2CF5455D1A5B647100623759 /* Images.xcassets in Resources */,
			);
			runOnlyForDeploymentPostprocessing = 0;
		};
		2CF545631A5B647100623759 /* Resources */ = {
			isa = PBXResourcesBuildPhase;
			buildActionMask = 2147483647;
			files = (
			);
			runOnlyForDeploymentPostprocessing = 0;
		};
/* End PBXResourcesBuildPhase section */

/* Begin PBXSourcesBuildPhase section */
		2CF5454C1A5B647100623759 /* Sources */ = {
			isa = PBXSourcesBuildPhase;
			buildActionMask = 2147483647;
			files = (
				2CF545581A5B647100623759 /* ViewController.swift in Sources */,
				2CF545561A5B647100623759 /* AppDelegate.swift in Sources */,
			);
			runOnlyForDeploymentPostprocessing = 0;
		};
		2CF545611A5B647100623759 /* Sources */ = {
			isa = PBXSourcesBuildPhase;
			buildActionMask = 2147483647;
			files = (
				2CF5456C1A5B647100623759 /* Intro_to_SwiftTests.swift in Sources */,
			);
			runOnlyForDeploymentPostprocessing = 0;
		};
/* End PBXSourcesBuildPhase section */

/* Begin PBXTargetDependency section */
		2CF545671A5B647100623759 /* PBXTargetDependency */ = {
			isa = PBXTargetDependency;
			target = 2CF5454F1A5B647100623759 /* Intro to Swift */;
			targetProxy = 2CF545661A5B647100623759 /* PBXContainerItemProxy */;
		};
/* End PBXTargetDependency section */

/* Begin PBXVariantGroup section */
		2CF545591A5B647100623759 /* Main.storyboard */ = {
			isa = PBXVariantGroup;
			children = (
				2CF5455A1A5B647100623759 /* Base */,
			);
			name = Main.storyboard;
			sourceTree = "<group>";
		};
		2CF5455E1A5B647100623759 /* LaunchScreen.xib */ = {
			isa = PBXVariantGroup;
			children = (
				2CF5455F1A5B647100623759 /* Base */,
			);
			name = LaunchScreen.xib;
			sourceTree = "<group>";
		};
/* End PBXVariantGroup section */

/* Begin XCBuildConfiguration section */
		2CF5456D1A5B647100623759 /* Debug */ = {
			isa = XCBuildConfiguration;
			buildSettings = {
				ALWAYS_SEARCH_USER_PATHS = NO;
				CLANG_CXX_LANGUAGE_STANDARD = "gnu++0x";
				CLANG_CXX_LIBRARY = "libc++";
				CLANG_ENABLE_MODULES = YES;
				CLANG_ENABLE_OBJC_ARC = YES;
				CLANG_WARN_BOOL_CONVERSION = YES;
				CLANG_WARN_CONSTANT_CONVERSION = YES;
				CLANG_WARN_DIRECT_OBJC_ISA_USAGE = YES_ERROR;
				CLANG_WARN_EMPTY_BODY = YES;
				CLANG_WARN_ENUM_CONVERSION = YES;
				CLANG_WARN_INT_CONVERSION = YES;
				CLANG_WARN_OBJC_ROOT_CLASS = YES_ERROR;
				CLANG_WARN_UNREACHABLE_CODE = YES;
				CLANG_WARN__DUPLICATE_METHOD_MATCH = YES;
				"CODE_SIGN_IDENTITY[sdk=iphoneos*]" = "iPhone Developer";
				COPY_PHASE_STRIP = NO;
				ENABLE_STRICT_OBJC_MSGSEND = YES;
				GCC_C_LANGUAGE_STANDARD = gnu99;
				GCC_DYNAMIC_NO_PIC = NO;
				GCC_OPTIMIZATION_LEVEL = 0;
				GCC_PREPROCESSOR_DEFINITIONS = (
					"DEBUG=1",
					"$(inherited)",
				);
				GCC_SYMBOLS_PRIVATE_EXTERN = NO;
				GCC_WARN_64_TO_32_BIT_CONVERSION = YES;
				GCC_WARN_ABOUT_RETURN_TYPE = YES_ERROR;
				GCC_WARN_UNDECLARED_SELECTOR = YES;
				GCC_WARN_UNINITIALIZED_AUTOS = YES_AGGRESSIVE;
				GCC_WARN_UNUSED_FUNCTION = YES;
				GCC_WARN_UNUSED_VARIABLE = YES;
				IPHONEOS_DEPLOYMENT_TARGET = 8.1;
				MTL_ENABLE_DEBUG_INFO = YES;
				ONLY_ACTIVE_ARCH = YES;
				SDKROOT = iphoneos;
				SWIFT_OPTIMIZATION_LEVEL = "-Onone";
			};
			name = Debug;
		};
		2CF5456E1A5B647100623759 /* Release */ = {
			isa = XCBuildConfiguration;
			buildSettings = {
				ALWAYS_SEARCH_USER_PATHS = NO;
				CLANG_CXX_LANGUAGE_STANDARD = "gnu++0x";
				CLANG_CXX_LIBRARY = "libc++";
				CLANG_ENABLE_MODULES = YES;
				CLANG_ENABLE_OBJC_ARC = YES;
				CLANG_WARN_BOOL_CONVERSION = YES;
				CLANG_WARN_CONSTANT_CONVERSION = YES;
				CLANG_WARN_DIRECT_OBJC_ISA_USAGE = YES_ERROR;
				CLANG_WARN_EMPTY_BODY = YES;
				CLANG_WARN_ENUM_CONVERSION = YES;
				CLANG_WARN_INT_CONVERSION = YES;
				CLANG_WARN_OBJC_ROOT_CLASS = YES_ERROR;
				CLANG_WARN_UNREACHABLE_CODE = YES;
				CLANG_WARN__DUPLICATE_METHOD_MATCH = YES;
				"CODE_SIGN_IDENTITY[sdk=iphoneos*]" = "iPhone Developer";
				COPY_PHASE_STRIP = YES;
				ENABLE_NS_ASSERTIONS = NO;
				ENABLE_STRICT_OBJC_MSGSEND = YES;
				GCC_C_LANGUAGE_STANDARD = gnu99;
				GCC_WARN_64_TO_32_BIT_CONVERSION = YES;
				GCC_WARN_ABOUT_RETURN_TYPE = YES_ERROR;
				GCC_WARN_UNDECLARED_SELECTOR = YES;
				GCC_WARN_UNINITIALIZED_AUTOS = YES_AGGRESSIVE;
				GCC_WARN_UNUSED_FUNCTION = YES;
				GCC_WARN_UNUSED_VARIABLE = YES;
				IPHONEOS_DEPLOYMENT_TARGET = 8.1;
				MTL_ENABLE_DEBUG_INFO = NO;
				SDKROOT = iphoneos;
				VALIDATE_PRODUCT = YES;
			};
			name = Release;
		};
		2CF545701A5B647100623759 /* Debug */ = {
			isa = XCBuildConfiguration;
			buildSettings = {
				ASSETCATALOG_COMPILER_APPICON_NAME = AppIcon;
				INFOPLIST_FILE = "Intro to Swift/Info.plist";
				LD_RUNPATH_SEARCH_PATHS = "$(inherited) @executable_path/Frameworks";
				PRODUCT_NAME = "$(TARGET_NAME)";
			};
			name = Debug;
		};
		2CF545711A5B647100623759 /* Release */ = {
			isa = XCBuildConfiguration;
			buildSettings = {
				ASSETCATALOG_COMPILER_APPICON_NAME = AppIcon;
				INFOPLIST_FILE = "Intro to Swift/Info.plist";
				LD_RUNPATH_SEARCH_PATHS = "$(inherited) @executable_path/Frameworks";
				PRODUCT_NAME = "$(TARGET_NAME)";
			};
			name = Release;
		};
		2CF545731A5B647100623759 /* Debug */ = {
			isa = XCBuildConfiguration;
			buildSettings = {
				BUNDLE_LOADER = "$(TEST_HOST)";
				FRAMEWORK_SEARCH_PATHS = (
					"$(SDKROOT)/Developer/Library/Frameworks",
					"$(inherited)",
				);
				GCC_PREPROCESSOR_DEFINITIONS = (
					"DEBUG=1",
					"$(inherited)",
				);
				INFOPLIST_FILE = "Intro to SwiftTests/Info.plist";
				LD_RUNPATH_SEARCH_PATHS = "$(inherited) @executable_path/Frameworks @loader_path/Frameworks";
				PRODUCT_NAME = "$(TARGET_NAME)";
				TEST_HOST = "$(BUILT_PRODUCTS_DIR)/Intro to Swift.app/Intro to Swift";
			};
			name = Debug;
		};
		2CF545741A5B647100623759 /* Release */ = {
			isa = XCBuildConfiguration;
			buildSettings = {
				BUNDLE_LOADER = "$(TEST_HOST)";
				FRAMEWORK_SEARCH_PATHS = (
					"$(SDKROOT)/Developer/Library/Frameworks",
					"$(inherited)",
				);
				INFOPLIST_FILE = "Intro to SwiftTests/Info.plist";
				LD_RUNPATH_SEARCH_PATHS = "$(inherited) @executable_path/Frameworks @loader_path/Frameworks";
				PRODUCT_NAME = "$(TARGET_NAME)";
				TEST_HOST = "$(BUILT_PRODUCTS_DIR)/Intro to Swift.app/Intro to Swift";
			};
			name = Release;
		};
/* End XCBuildConfiguration section */

/* Begin XCConfigurationList section */
		2CF5454B1A5B647100623759 /* Build configuration list for PBXProject "Intro to Swift" */ = {
			isa = XCConfigurationList;
			buildConfigurations = (
				2CF5456D1A5B647100623759 /* Debug */,
				2CF5456E1A5B647100623759 /* Release */,
			);
			defaultConfigurationIsVisible = 0;
			defaultConfigurationName = Release;
		};
		2CF5456F1A5B647100623759 /* Build configuration list for PBXNativeTarget "Intro to Swift" */ = {
			isa = XCConfigurationList;
			buildConfigurations = (
				2CF545701A5B647100623759 /* Debug */,
				2CF545711A5B647100623759 /* Release */,
			);
			defaultConfigurationIsVisible = 0;
		};
		2CF545721A5B647100623759 /* Build configuration list for PBXNativeTarget "Intro to SwiftTests" */ = {
			isa = XCConfigurationList;
			buildConfigurations = (
				2CF545731A5B647100623759 /* Debug */,
				2CF545741A5B647100623759 /* Release */,
			);
			defaultConfigurationIsVisible = 0;
		};
/* End XCConfigurationList section */
	};
	rootObject = 2CF545481A5B647100623759 /* Project object */;
}
