// !$*UTF8*$!
{
	archiveVersion = 1;
	classes = {
	};
	objectVersion = 46;
	objects = {

/* Begin PBXBuildFile section */
		2C4B4C2F1A48EB830097FAFA /* AppDelegate.swift in Sources */ = {isa = PBXBuildFile; fileRef = 2C4B4C2E1A48EB830097FAFA /* AppDelegate.swift */; };
		2C4B4C311A48EB830097FAFA /* ViewController.swift in Sources */ = {isa = PBXBuildFile; fileRef = 2C4B4C301A48EB830097FAFA /* ViewController.swift */; };
		2C4B4C341A48EB830097FAFA /* Main.storyboard in Resources */ = {isa = PBXBuildFile; fileRef = 2C4B4C321A48EB830097FAFA /* Main.storyboard */; };
		2C4B4C361A48EB830097FAFA /* Images.xcassets in Resources */ = {isa = PBXBuildFile; fileRef = 2C4B4C351A48EB830097FAFA /* Images.xcassets */; };
		2C4B4C391A48EB830097FAFA /* LaunchScreen.xib in Resources */ = {isa = PBXBuildFile; fileRef = 2C4B4C371A48EB830097FAFA /* LaunchScreen.xib */; };
		2C4B4C451A48EB830097FAFA /* Storyboards_demoTests.swift in Sources */ = {isa = PBXBuildFile; fileRef = 2C4B4C441A48EB830097FAFA /* Storyboards_demoTests.swift */; };
		2C4B4C811A48FD610097FAFA /* sample-01-refresh.png in Resources */ = {isa = PBXBuildFile; fileRef = 2C4B4C4F1A48FD610097FAFA /* sample-01-refresh.png */; };
		2C4B4C821A48FD610097FAFA /* sample-02-redo.png in Resources */ = {isa = PBXBuildFile; fileRef = 2C4B4C501A48FD610097FAFA /* sample-02-redo.png */; };
		2C4B4C831A48FD610097FAFA /* sample-03-loopback.png in Resources */ = {isa = PBXBuildFile; fileRef = 2C4B4C511A48FD610097FAFA /* sample-03-loopback.png */; };
		2C4B4C841A48FD610097FAFA /* sample-04-squiggle.png in Resources */ = {isa = PBXBuildFile; fileRef = 2C4B4C521A48FD610097FAFA /* sample-04-squiggle.png */; };
		2C4B4C851A48FD610097FAFA /* sample-05-shuffle.png in Resources */ = {isa = PBXBuildFile; fileRef = 2C4B4C531A48FD610097FAFA /* sample-05-shuffle.png */; };
		2C4B4C861A48FD610097FAFA /* sample-302-swords.png in Resources */ = {isa = PBXBuildFile; fileRef = 2C4B4C541A48FD610097FAFA /* sample-302-swords.png */; };
		2C4B4C871A48FD610097FAFA /* sample-305-palm-tree.png in Resources */ = {isa = PBXBuildFile; fileRef = 2C4B4C551A48FD610097FAFA /* sample-305-palm-tree.png */; };
		2C4B4C881A48FD610097FAFA /* sample-307-atom.png in Resources */ = {isa = PBXBuildFile; fileRef = 2C4B4C561A48FD610097FAFA /* sample-307-atom.png */; };
		2C4B4C891A48FD610097FAFA /* sample-316-truck.png in Resources */ = {isa = PBXBuildFile; fileRef = 2C4B4C571A48FD610097FAFA /* sample-316-truck.png */; };
		2C4B4C8A1A48FD610097FAFA /* sample-321-like.png in Resources */ = {isa = PBXBuildFile; fileRef = 2C4B4C581A48FD610097FAFA /* sample-321-like.png */; };
		2C4B4C8B1A48FD610097FAFA /* sample-335-magic-wand.png in Resources */ = {isa = PBXBuildFile; fileRef = 2C4B4C591A48FD610097FAFA /* sample-335-magic-wand.png */; };
		2C4B4C8C1A48FD610097FAFA /* sample-379-barbell.png in Resources */ = {isa = PBXBuildFile; fileRef = 2C4B4C5A1A48FD610097FAFA /* sample-379-barbell.png */; };
		2C4B4C8D1A48FD610097FAFA /* sample-394-bank.png in Resources */ = {isa = PBXBuildFile; fileRef = 2C4B4C5B1A48FD610097FAFA /* sample-394-bank.png */; };
		2C4B4C8E1A48FD610097FAFA /* sample-401-globe.png in Resources */ = {isa = PBXBuildFile; fileRef = 2C4B4C5C1A48FD610097FAFA /* sample-401-globe.png */; };
		2C4B4C8F1A48FD610097FAFA /* sample-405-test-tube.png in Resources */ = {isa = PBXBuildFile; fileRef = 2C4B4C5D1A48FD610097FAFA /* sample-405-test-tube.png */; };
		2C4B4C901A48FD610097FAFA /* sample-504-doghouse.png in Resources */ = {isa = PBXBuildFile; fileRef = 2C4B4C5E1A48FD610097FAFA /* sample-504-doghouse.png */; };
		2C4B4C911A48FD610097FAFA /* sample-518-filter.png in Resources */ = {isa = PBXBuildFile; fileRef = 2C4B4C5F1A48FD610097FAFA /* sample-518-filter.png */; };
		2C4B4C921A48FD610097FAFA /* sample-552-flag-1.png in Resources */ = {isa = PBXBuildFile; fileRef = 2C4B4C601A48FD610097FAFA /* sample-552-flag-1.png */; };
		2C4B4C931A48FD610097FAFA /* sample-583-broadcast.png in Resources */ = {isa = PBXBuildFile; fileRef = 2C4B4C611A48FD610097FAFA /* sample-583-broadcast.png */; };
		2C4B4C941A48FD610097FAFA /* sample-603-anchor.png in Resources */ = {isa = PBXBuildFile; fileRef = 2C4B4C621A48FD610097FAFA /* sample-603-anchor.png */; };
		2C4B4C951A48FD610097FAFA /* sample-776-recycle@2x.png in Resources */ = {isa = PBXBuildFile; fileRef = 2C4B4C631A48FD610097FAFA /* sample-776-recycle@2x.png */; };
		2C4B4C961A48FD610097FAFA /* sample-820-bathtub@2x.png in Resources */ = {isa = PBXBuildFile; fileRef = 2C4B4C641A48FD610097FAFA /* sample-820-bathtub@2x.png */; };
		2C4B4C971A48FD610097FAFA /* sample-821-stamp@2x.png in Resources */ = {isa = PBXBuildFile; fileRef = 2C4B4C651A48FD610097FAFA /* sample-821-stamp@2x.png */; };
		2C4B4C981A48FD610097FAFA /* sample-834-bolt@2x.png in Resources */ = {isa = PBXBuildFile; fileRef = 2C4B4C661A48FD610097FAFA /* sample-834-bolt@2x.png */; };
		2C4B4C991A48FD610097FAFA /* sample-844-trumpet@2x.png in Resources */ = {isa = PBXBuildFile; fileRef = 2C4B4C671A48FD610097FAFA /* sample-844-trumpet@2x.png */; };
		2C4B4C9A1A48FD610097FAFA /* sample-853-fence@2x.png in Resources */ = {isa = PBXBuildFile; fileRef = 2C4B4C681A48FD610097FAFA /* sample-853-fence@2x.png */; };
		2C4B4C9B1A48FD610097FAFA /* sample-855-door@2x.png in Resources */ = {isa = PBXBuildFile; fileRef = 2C4B4C691A48FD610097FAFA /* sample-855-door@2x.png */; };
		2C4B4C9C1A48FD610097FAFA /* sample-881-globe@2x.png in Resources */ = {isa = PBXBuildFile; fileRef = 2C4B4C6A1A48FD610097FAFA /* sample-881-globe@2x.png */; };
		2C4B4C9D1A48FD610097FAFA /* sample-886-ice-cream-cone@2x.png in Resources */ = {isa = PBXBuildFile; fileRef = 2C4B4C6B1A48FD610097FAFA /* sample-886-ice-cream-cone@2x.png */; };
		2C4B4C9E1A48FD610097FAFA /* sample-894-t-shirt@2x.png in Resources */ = {isa = PBXBuildFile; fileRef = 2C4B4C6C1A48FD610097FAFA /* sample-894-t-shirt@2x.png */; };
		2C4B4C9F1A48FD610097FAFA /* sample-908-target@2x.png in Resources */ = {isa = PBXBuildFile; fileRef = 2C4B4C6D1A48FD610097FAFA /* sample-908-target@2x.png */; };
		2C4B4CA01A48FD610097FAFA /* sample-920-handbag@2x.png in Resources */ = {isa = PBXBuildFile; fileRef = 2C4B4C6E1A48FD610097FAFA /* sample-920-handbag@2x.png */; };
		2C4B4CA11A48FD610097FAFA /* sample-935-power-socket@2x.png in Resources */ = {isa = PBXBuildFile; fileRef = 2C4B4C6F1A48FD610097FAFA /* sample-935-power-socket@2x.png */; };
		2C4B4CA21A48FD610097FAFA /* sample-976-bow-and-arrow@2x.png in Resources */ = {isa = PBXBuildFile; fileRef = 2C4B4C701A48FD610097FAFA /* sample-976-bow-and-arrow@2x.png */; };
		2C4B4CA31A48FD610097FAFA /* sample-986-ghost@2x.png in Resources */ = {isa = PBXBuildFile; fileRef = 2C4B4C711A48FD610097FAFA /* sample-986-ghost@2x.png */; };
		2C4B4CA41A48FD610097FAFA /* sample-1004-voicemail@2x.png in Resources */ = {isa = PBXBuildFile; fileRef = 2C4B4C721A48FD610097FAFA /* sample-1004-voicemail@2x.png */; };
		2C4B4CA51A48FD610097FAFA /* sample-1012-sticky-note@2x.png in Resources */ = {isa = PBXBuildFile; fileRef = 2C4B4C731A48FD610097FAFA /* sample-1012-sticky-note@2x.png */; };
		2C4B4CA61A48FD610097FAFA /* sample-1013-hammer@2x.png in Resources */ = {isa = PBXBuildFile; fileRef = 2C4B4C741A48FD610097FAFA /* sample-1013-hammer@2x.png */; };
		2C4B4CA71A48FD610097FAFA /* sample-1040-checkmark@2x.png in Resources */ = {isa = PBXBuildFile; fileRef = 2C4B4C751A48FD610097FAFA /* sample-1040-checkmark@2x.png */; };
		2C4B4CA81A48FD610097FAFA /* sample-1049-at-sign@2x.png in Resources */ = {isa = PBXBuildFile; fileRef = 2C4B4C761A48FD610097FAFA /* sample-1049-at-sign@2x.png */; };
		2C4B4CA91A48FD610097FAFA /* sample-1055-ticket@2x.png in Resources */ = {isa = PBXBuildFile; fileRef = 2C4B4C771A48FD610097FAFA /* sample-1055-ticket@2x.png */; };
		2C4B4CAA1A48FD610097FAFA /* sample-1067-enter-fullscreen@2x.png in Resources */ = {isa = PBXBuildFile; fileRef = 2C4B4C781A48FD610097FAFA /* sample-1067-enter-fullscreen@2x.png */; };
		2C4B4CAB1A48FD610097FAFA /* sample-1079-fork-path@2x.png in Resources */ = {isa = PBXBuildFile; fileRef = 2C4B4C791A48FD610097FAFA /* sample-1079-fork-path@2x.png */; };
		2C4B4CAC1A48FD610097FAFA /* sample-1082-merge@2x.png in Resources */ = {isa = PBXBuildFile; fileRef = 2C4B4C7A1A48FD610097FAFA /* sample-1082-merge@2x.png */; };
		2C4B4CAD1A48FD610097FAFA /* sample-1093-lightning-bolt-2@2x.png in Resources */ = {isa = PBXBuildFile; fileRef = 2C4B4C7B1A48FD610097FAFA /* sample-1093-lightning-bolt-2@2x.png */; };
		2C4B4CAE1A48FD610097FAFA /* sample-1111-flick-left@2x.png in Resources */ = {isa = PBXBuildFile; fileRef = 2C4B4C7C1A48FD610097FAFA /* sample-1111-flick-left@2x.png */; };
		2C4B4CAF1A48FD610097FAFA /* sample-1116-slayer-hand@2x.png in Resources */ = {isa = PBXBuildFile; fileRef = 2C4B4C7D1A48FD610097FAFA /* sample-1116-slayer-hand@2x.png */; };
		2C4B4CB01A48FD610097FAFA /* sample-1144-baseball-helmet@2x.png in Resources */ = {isa = PBXBuildFile; fileRef = 2C4B4C7E1A48FD610097FAFA /* sample-1144-baseball-helmet@2x.png */; };
		2C4B4CB11A48FD610097FAFA /* sample-1189-snake@2x.png in Resources */ = {isa = PBXBuildFile; fileRef = 2C4B4C7F1A48FD610097FAFA /* sample-1189-snake@2x.png */; };
		2C4B4CB21A48FD610097FAFA /* sample-1240-group-error@2x.png in Resources */ = {isa = PBXBuildFile; fileRef = 2C4B4C801A48FD610097FAFA /* sample-1240-group-error@2x.png */; };
/* End PBXBuildFile section */

/* Begin PBXContainerItemProxy section */
		2C4B4C3F1A48EB830097FAFA /* PBXContainerItemProxy */ = {
			isa = PBXContainerItemProxy;
			containerPortal = 2C4B4C211A48EB830097FAFA /* Project object */;
			proxyType = 1;
			remoteGlobalIDString = 2C4B4C281A48EB830097FAFA;
			remoteInfo = "Storyboards demo";
		};
/* End PBXContainerItemProxy section */

/* Begin PBXFileReference section */
		2C4B4C291A48EB830097FAFA /* Storyboards demo.app */ = {isa = PBXFileReference; explicitFileType = wrapper.application; includeInIndex = 0; path = "Storyboards demo.app"; sourceTree = BUILT_PRODUCTS_DIR; };
		2C4B4C2D1A48EB830097FAFA /* Info.plist */ = {isa = PBXFileReference; lastKnownFileType = text.plist.xml; path = Info.plist; sourceTree = "<group>"; };
		2C4B4C2E1A48EB830097FAFA /* AppDelegate.swift */ = {isa = PBXFileReference; lastKnownFileType = sourcecode.swift; path = AppDelegate.swift; sourceTree = "<group>"; };
		2C4B4C301A48EB830097FAFA /* ViewController.swift */ = {isa = PBXFileReference; lastKnownFileType = sourcecode.swift; path = ViewController.swift; sourceTree = "<group>"; };
		2C4B4C331A48EB830097FAFA /* Base */ = {isa = PBXFileReference; lastKnownFileType = file.storyboard; name = Base; path = Base.lproj/Main.storyboard; sourceTree = "<group>"; };
		2C4B4C351A48EB830097FAFA /* Images.xcassets */ = {isa = PBXFileReference; lastKnownFileType = folder.assetcatalog; path = Images.xcassets; sourceTree = "<group>"; };
		2C4B4C381A48EB830097FAFA /* Base */ = {isa = PBXFileReference; lastKnownFileType = file.xib; name = Base; path = Base.lproj/LaunchScreen.xib; sourceTree = "<group>"; };
		2C4B4C3E1A48EB830097FAFA /* Storyboards demoTests.xctest */ = {isa = PBXFileReference; explicitFileType = wrapper.cfbundle; includeInIndex = 0; path = "Storyboards demoTests.xctest"; sourceTree = BUILT_PRODUCTS_DIR; };
		2C4B4C431A48EB830097FAFA /* Info.plist */ = {isa = PBXFileReference; lastKnownFileType = text.plist.xml; path = Info.plist; sourceTree = "<group>"; };
		2C4B4C441A48EB830097FAFA /* Storyboards_demoTests.swift */ = {isa = PBXFileReference; lastKnownFileType = sourcecode.swift; path = Storyboards_demoTests.swift; sourceTree = "<group>"; };
		2C4B4C4F1A48FD610097FAFA /* sample-01-refresh.png */ = {isa = PBXFileReference; lastKnownFileType = image.png; path = "sample-01-refresh.png"; sourceTree = "<group>"; };
		2C4B4C501A48FD610097FAFA /* sample-02-redo.png */ = {isa = PBXFileReference; lastKnownFileType = image.png; path = "sample-02-redo.png"; sourceTree = "<group>"; };
		2C4B4C511A48FD610097FAFA /* sample-03-loopback.png */ = {isa = PBXFileReference; lastKnownFileType = image.png; path = "sample-03-loopback.png"; sourceTree = "<group>"; };
		2C4B4C521A48FD610097FAFA /* sample-04-squiggle.png */ = {isa = PBXFileReference; lastKnownFileType = image.png; path = "sample-04-squiggle.png"; sourceTree = "<group>"; };
		2C4B4C531A48FD610097FAFA /* sample-05-shuffle.png */ = {isa = PBXFileReference; lastKnownFileType = image.png; path = "sample-05-shuffle.png"; sourceTree = "<group>"; };
		2C4B4C541A48FD610097FAFA /* sample-302-swords.png */ = {isa = PBXFileReference; lastKnownFileType = image.png; path = "sample-302-swords.png"; sourceTree = "<group>"; };
		2C4B4C551A48FD610097FAFA /* sample-305-palm-tree.png */ = {isa = PBXFileReference; lastKnownFileType = image.png; path = "sample-305-palm-tree.png"; sourceTree = "<group>"; };
		2C4B4C561A48FD610097FAFA /* sample-307-atom.png */ = {isa = PBXFileReference; lastKnownFileType = image.png; path = "sample-307-atom.png"; sourceTree = "<group>"; };
		2C4B4C571A48FD610097FAFA /* sample-316-truck.png */ = {isa = PBXFileReference; lastKnownFileType = image.png; path = "sample-316-truck.png"; sourceTree = "<group>"; };
		2C4B4C581A48FD610097FAFA /* sample-321-like.png */ = {isa = PBXFileReference; lastKnownFileType = image.png; path = "sample-321-like.png"; sourceTree = "<group>"; };
		2C4B4C591A48FD610097FAFA /* sample-335-magic-wand.png */ = {isa = PBXFileReference; lastKnownFileType = image.png; path = "sample-335-magic-wand.png"; sourceTree = "<group>"; };
		2C4B4C5A1A48FD610097FAFA /* sample-379-barbell.png */ = {isa = PBXFileReference; lastKnownFileType = image.png; path = "sample-379-barbell.png"; sourceTree = "<group>"; };
		2C4B4C5B1A48FD610097FAFA /* sample-394-bank.png */ = {isa = PBXFileReference; lastKnownFileType = image.png; path = "sample-394-bank.png"; sourceTree = "<group>"; };
		2C4B4C5C1A48FD610097FAFA /* sample-401-globe.png */ = {isa = PBXFileReference; lastKnownFileType = image.png; path = "sample-401-globe.png"; sourceTree = "<group>"; };
		2C4B4C5D1A48FD610097FAFA /* sample-405-test-tube.png */ = {isa = PBXFileReference; lastKnownFileType = image.png; path = "sample-405-test-tube.png"; sourceTree = "<group>"; };
		2C4B4C5E1A48FD610097FAFA /* sample-504-doghouse.png */ = {isa = PBXFileReference; lastKnownFileType = image.png; path = "sample-504-doghouse.png"; sourceTree = "<group>"; };
		2C4B4C5F1A48FD610097FAFA /* sample-518-filter.png */ = {isa = PBXFileReference; lastKnownFileType = image.png; path = "sample-518-filter.png"; sourceTree = "<group>"; };
		2C4B4C601A48FD610097FAFA /* sample-552-flag-1.png */ = {isa = PBXFileReference; lastKnownFileType = image.png; path = "sample-552-flag-1.png"; sourceTree = "<group>"; };
		2C4B4C611A48FD610097FAFA /* sample-583-broadcast.png */ = {isa = PBXFileReference; lastKnownFileType = image.png; path = "sample-583-broadcast.png"; sourceTree = "<group>"; };
		2C4B4C621A48FD610097FAFA /* sample-603-anchor.png */ = {isa = PBXFileReference; lastKnownFileType = image.png; path = "sample-603-anchor.png"; sourceTree = "<group>"; };
		2C4B4C631A48FD610097FAFA /* sample-776-recycle@2x.png */ = {isa = PBXFileReference; lastKnownFileType = image.png; path = "sample-776-recycle@2x.png"; sourceTree = "<group>"; };
		2C4B4C641A48FD610097FAFA /* sample-820-bathtub@2x.png */ = {isa = PBXFileReference; lastKnownFileType = image.png; path = "sample-820-bathtub@2x.png"; sourceTree = "<group>"; };
		2C4B4C651A48FD610097FAFA /* sample-821-stamp@2x.png */ = {isa = PBXFileReference; lastKnownFileType = image.png; path = "sample-821-stamp@2x.png"; sourceTree = "<group>"; };
		2C4B4C661A48FD610097FAFA /* sample-834-bolt@2x.png */ = {isa = PBXFileReference; lastKnownFileType = image.png; path = "sample-834-bolt@2x.png"; sourceTree = "<group>"; };
		2C4B4C671A48FD610097FAFA /* sample-844-trumpet@2x.png */ = {isa = PBXFileReference; lastKnownFileType = image.png; path = "sample-844-trumpet@2x.png"; sourceTree = "<group>"; };
		2C4B4C681A48FD610097FAFA /* sample-853-fence@2x.png */ = {isa = PBXFileReference; lastKnownFileType = image.png; path = "sample-853-fence@2x.png"; sourceTree = "<group>"; };
		2C4B4C691A48FD610097FAFA /* sample-855-door@2x.png */ = {isa = PBXFileReference; lastKnownFileType = image.png; path = "sample-855-door@2x.png"; sourceTree = "<group>"; };
		2C4B4C6A1A48FD610097FAFA /* sample-881-globe@2x.png */ = {isa = PBXFileReference; lastKnownFileType = image.png; path = "sample-881-globe@2x.png"; sourceTree = "<group>"; };
		2C4B4C6B1A48FD610097FAFA /* sample-886-ice-cream-cone@2x.png */ = {isa = PBXFileReference; lastKnownFileType = image.png; path = "sample-886-ice-cream-cone@2x.png"; sourceTree = "<group>"; };
		2C4B4C6C1A48FD610097FAFA /* sample-894-t-shirt@2x.png */ = {isa = PBXFileReference; lastKnownFileType = image.png; path = "sample-894-t-shirt@2x.png"; sourceTree = "<group>"; };
		2C4B4C6D1A48FD610097FAFA /* sample-908-target@2x.png */ = {isa = PBXFileReference; lastKnownFileType = image.png; path = "sample-908-target@2x.png"; sourceTree = "<group>"; };
		2C4B4C6E1A48FD610097FAFA /* sample-920-handbag@2x.png */ = {isa = PBXFileReference; lastKnownFileType = image.png; path = "sample-920-handbag@2x.png"; sourceTree = "<group>"; };
		2C4B4C6F1A48FD610097FAFA /* sample-935-power-socket@2x.png */ = {isa = PBXFileReference; lastKnownFileType = image.png; path = "sample-935-power-socket@2x.png"; sourceTree = "<group>"; };
		2C4B4C701A48FD610097FAFA /* sample-976-bow-and-arrow@2x.png */ = {isa = PBXFileReference; lastKnownFileType = image.png; path = "sample-976-bow-and-arrow@2x.png"; sourceTree = "<group>"; };
		2C4B4C711A48FD610097FAFA /* sample-986-ghost@2x.png */ = {isa = PBXFileReference; lastKnownFileType = image.png; path = "sample-986-ghost@2x.png"; sourceTree = "<group>"; };
		2C4B4C721A48FD610097FAFA /* sample-1004-voicemail@2x.png */ = {isa = PBXFileReference; lastKnownFileType = image.png; path = "sample-1004-voicemail@2x.png"; sourceTree = "<group>"; };
		2C4B4C731A48FD610097FAFA /* sample-1012-sticky-note@2x.png */ = {isa = PBXFileReference; lastKnownFileType = image.png; path = "sample-1012-sticky-note@2x.png"; sourceTree = "<group>"; };
		2C4B4C741A48FD610097FAFA /* sample-1013-hammer@2x.png */ = {isa = PBXFileReference; lastKnownFileType = image.png; path = "sample-1013-hammer@2x.png"; sourceTree = "<group>"; };
		2C4B4C751A48FD610097FAFA /* sample-1040-checkmark@2x.png */ = {isa = PBXFileReference; lastKnownFileType = image.png; path = "sample-1040-checkmark@2x.png"; sourceTree = "<group>"; };
		2C4B4C761A48FD610097FAFA /* sample-1049-at-sign@2x.png */ = {isa = PBXFileReference; lastKnownFileType = image.png; path = "sample-1049-at-sign@2x.png"; sourceTree = "<group>"; };
		2C4B4C771A48FD610097FAFA /* sample-1055-ticket@2x.png */ = {isa = PBXFileReference; lastKnownFileType = image.png; path = "sample-1055-ticket@2x.png"; sourceTree = "<group>"; };
		2C4B4C781A48FD610097FAFA /* sample-1067-enter-fullscreen@2x.png */ = {isa = PBXFileReference; lastKnownFileType = image.png; path = "sample-1067-enter-fullscreen@2x.png"; sourceTree = "<group>"; };
		2C4B4C791A48FD610097FAFA /* sample-1079-fork-path@2x.png */ = {isa = PBXFileReference; lastKnownFileType = image.png; path = "sample-1079-fork-path@2x.png"; sourceTree = "<group>"; };
		2C4B4C7A1A48FD610097FAFA /* sample-1082-merge@2x.png */ = {isa = PBXFileReference; lastKnownFileType = image.png; path = "sample-1082-merge@2x.png"; sourceTree = "<group>"; };
		2C4B4C7B1A48FD610097FAFA /* sample-1093-lightning-bolt-2@2x.png */ = {isa = PBXFileReference; lastKnownFileType = image.png; path = "sample-1093-lightning-bolt-2@2x.png"; sourceTree = "<group>"; };
		2C4B4C7C1A48FD610097FAFA /* sample-1111-flick-left@2x.png */ = {isa = PBXFileReference; lastKnownFileType = image.png; path = "sample-1111-flick-left@2x.png"; sourceTree = "<group>"; };
		2C4B4C7D1A48FD610097FAFA /* sample-1116-slayer-hand@2x.png */ = {isa = PBXFileReference; lastKnownFileType = image.png; path = "sample-1116-slayer-hand@2x.png"; sourceTree = "<group>"; };
		2C4B4C7E1A48FD610097FAFA /* sample-1144-baseball-helmet@2x.png */ = {isa = PBXFileReference; lastKnownFileType = image.png; path = "sample-1144-baseball-helmet@2x.png"; sourceTree = "<group>"; };
		2C4B4C7F1A48FD610097FAFA /* sample-1189-snake@2x.png */ = {isa = PBXFileReference; lastKnownFileType = image.png; path = "sample-1189-snake@2x.png"; sourceTree = "<group>"; };
		2C4B4C801A48FD610097FAFA /* sample-1240-group-error@2x.png */ = {isa = PBXFileReference; lastKnownFileType = image.png; path = "sample-1240-group-error@2x.png"; sourceTree = "<group>"; };
/* End PBXFileReference section */

/* Begin PBXFrameworksBuildPhase section */
		2C4B4C261A48EB830097FAFA /* Frameworks */ = {
			isa = PBXFrameworksBuildPhase;
			buildActionMask = 2147483647;
			files = (
			);
			runOnlyForDeploymentPostprocessing = 0;
		};
		2C4B4C3B1A48EB830097FAFA /* Frameworks */ = {
			isa = PBXFrameworksBuildPhase;
			buildActionMask = 2147483647;
			files = (
			);
			runOnlyForDeploymentPostprocessing = 0;
		};
/* End PBXFrameworksBuildPhase section */

/* Begin PBXGroup section */
		2C4B4C201A48EB830097FAFA = {
			isa = PBXGroup;
			children = (
				2C4B4C2B1A48EB830097FAFA /* Storyboards demo */,
				2C4B4C411A48EB830097FAFA /* Storyboards demoTests */,
				2C4B4C2A1A48EB830097FAFA /* Products */,
			);
			sourceTree = "<group>";
		};
		2C4B4C2A1A48EB830097FAFA /* Products */ = {
			isa = PBXGroup;
			children = (
				2C4B4C291A48EB830097FAFA /* Storyboards demo.app */,
				2C4B4C3E1A48EB830097FAFA /* Storyboards demoTests.xctest */,
			);
			name = Products;
			sourceTree = "<group>";
		};
		2C4B4C2B1A48EB830097FAFA /* Storyboards demo */ = {
			isa = PBXGroup;
			children = (
				2C4B4C4E1A48FD270097FAFA /* Icons */,
				2C4B4C2E1A48EB830097FAFA /* AppDelegate.swift */,
				2C4B4C301A48EB830097FAFA /* ViewController.swift */,
				2C4B4C321A48EB830097FAFA /* Main.storyboard */,
				2C4B4C351A48EB830097FAFA /* Images.xcassets */,
				2C4B4C371A48EB830097FAFA /* LaunchScreen.xib */,
				2C4B4C2C1A48EB830097FAFA /* Supporting Files */,
			);
			path = "Storyboards demo";
			sourceTree = "<group>";
		};
		2C4B4C2C1A48EB830097FAFA /* Supporting Files */ = {
			isa = PBXGroup;
			children = (
				2C4B4C2D1A48EB830097FAFA /* Info.plist */,
			);
			name = "Supporting Files";
			sourceTree = "<group>";
		};
		2C4B4C411A48EB830097FAFA /* Storyboards demoTests */ = {
			isa = PBXGroup;
			children = (
				2C4B4C441A48EB830097FAFA /* Storyboards_demoTests.swift */,
				2C4B4C421A48EB830097FAFA /* Supporting Files */,
			);
			path = "Storyboards demoTests";
			sourceTree = "<group>";
		};
		2C4B4C421A48EB830097FAFA /* Supporting Files */ = {
			isa = PBXGroup;
			children = (
				2C4B4C431A48EB830097FAFA /* Info.plist */,
			);
			name = "Supporting Files";
			sourceTree = "<group>";
		};
		2C4B4C4E1A48FD270097FAFA /* Icons */ = {
			isa = PBXGroup;
			children = (
				2C4B4C4F1A48FD610097FAFA /* sample-01-refresh.png */,
				2C4B4C501A48FD610097FAFA /* sample-02-redo.png */,
				2C4B4C511A48FD610097FAFA /* sample-03-loopback.png */,
				2C4B4C521A48FD610097FAFA /* sample-04-squiggle.png */,
				2C4B4C531A48FD610097FAFA /* sample-05-shuffle.png */,
				2C4B4C541A48FD610097FAFA /* sample-302-swords.png */,
				2C4B4C551A48FD610097FAFA /* sample-305-palm-tree.png */,
				2C4B4C561A48FD610097FAFA /* sample-307-atom.png */,
				2C4B4C571A48FD610097FAFA /* sample-316-truck.png */,
				2C4B4C581A48FD610097FAFA /* sample-321-like.png */,
				2C4B4C591A48FD610097FAFA /* sample-335-magic-wand.png */,
				2C4B4C5A1A48FD610097FAFA /* sample-379-barbell.png */,
				2C4B4C5B1A48FD610097FAFA /* sample-394-bank.png */,
				2C4B4C5C1A48FD610097FAFA /* sample-401-globe.png */,
				2C4B4C5D1A48FD610097FAFA /* sample-405-test-tube.png */,
				2C4B4C5E1A48FD610097FAFA /* sample-504-doghouse.png */,
				2C4B4C5F1A48FD610097FAFA /* sample-518-filter.png */,
				2C4B4C601A48FD610097FAFA /* sample-552-flag-1.png */,
				2C4B4C611A48FD610097FAFA /* sample-583-broadcast.png */,
				2C4B4C621A48FD610097FAFA /* sample-603-anchor.png */,
				2C4B4C631A48FD610097FAFA /* sample-776-recycle@2x.png */,
				2C4B4C641A48FD610097FAFA /* sample-820-bathtub@2x.png */,
				2C4B4C651A48FD610097FAFA /* sample-821-stamp@2x.png */,
				2C4B4C661A48FD610097FAFA /* sample-834-bolt@2x.png */,
				2C4B4C671A48FD610097FAFA /* sample-844-trumpet@2x.png */,
				2C4B4C681A48FD610097FAFA /* sample-853-fence@2x.png */,
				2C4B4C691A48FD610097FAFA /* sample-855-door@2x.png */,
				2C4B4C6A1A48FD610097FAFA /* sample-881-globe@2x.png */,
				2C4B4C6B1A48FD610097FAFA /* sample-886-ice-cream-cone@2x.png */,
				2C4B4C6C1A48FD610097FAFA /* sample-894-t-shirt@2x.png */,
				2C4B4C6D1A48FD610097FAFA /* sample-908-target@2x.png */,
				2C4B4C6E1A48FD610097FAFA /* sample-920-handbag@2x.png */,
				2C4B4C6F1A48FD610097FAFA /* sample-935-power-socket@2x.png */,
				2C4B4C701A48FD610097FAFA /* sample-976-bow-and-arrow@2x.png */,
				2C4B4C711A48FD610097FAFA /* sample-986-ghost@2x.png */,
				2C4B4C721A48FD610097FAFA /* sample-1004-voicemail@2x.png */,
				2C4B4C731A48FD610097FAFA /* sample-1012-sticky-note@2x.png */,
				2C4B4C741A48FD610097FAFA /* sample-1013-hammer@2x.png */,
				2C4B4C751A48FD610097FAFA /* sample-1040-checkmark@2x.png */,
				2C4B4C761A48FD610097FAFA /* sample-1049-at-sign@2x.png */,
				2C4B4C771A48FD610097FAFA /* sample-1055-ticket@2x.png */,
				2C4B4C781A48FD610097FAFA /* sample-1067-enter-fullscreen@2x.png */,
				2C4B4C791A48FD610097FAFA /* sample-1079-fork-path@2x.png */,
				2C4B4C7A1A48FD610097FAFA /* sample-1082-merge@2x.png */,
				2C4B4C7B1A48FD610097FAFA /* sample-1093-lightning-bolt-2@2x.png */,
				2C4B4C7C1A48FD610097FAFA /* sample-1111-flick-left@2x.png */,
				2C4B4C7D1A48FD610097FAFA /* sample-1116-slayer-hand@2x.png */,
				2C4B4C7E1A48FD610097FAFA /* sample-1144-baseball-helmet@2x.png */,
				2C4B4C7F1A48FD610097FAFA /* sample-1189-snake@2x.png */,
				2C4B4C801A48FD610097FAFA /* sample-1240-group-error@2x.png */,
			);
			name = Icons;
			sourceTree = "<group>";
		};
/* End PBXGroup section */

/* Begin PBXNativeTarget section */
		2C4B4C281A48EB830097FAFA /* Storyboards demo */ = {
			isa = PBXNativeTarget;
			buildConfigurationList = 2C4B4C481A48EB830097FAFA /* Build configuration list for PBXNativeTarget "Storyboards demo" */;
			buildPhases = (
				2C4B4C251A48EB830097FAFA /* Sources */,
				2C4B4C261A48EB830097FAFA /* Frameworks */,
				2C4B4C271A48EB830097FAFA /* Resources */,
			);
			buildRules = (
			);
			dependencies = (
			);
			name = "Storyboards demo";
			productName = "Storyboards demo";
			productReference = 2C4B4C291A48EB830097FAFA /* Storyboards demo.app */;
			productType = "com.apple.product-type.application";
		};
		2C4B4C3D1A48EB830097FAFA /* Storyboards demoTests */ = {
			isa = PBXNativeTarget;
			buildConfigurationList = 2C4B4C4B1A48EB830097FAFA /* Build configuration list for PBXNativeTarget "Storyboards demoTests" */;
			buildPhases = (
				2C4B4C3A1A48EB830097FAFA /* Sources */,
				2C4B4C3B1A48EB830097FAFA /* Frameworks */,
				2C4B4C3C1A48EB830097FAFA /* Resources */,
			);
			buildRules = (
			);
			dependencies = (
				2C4B4C401A48EB830097FAFA /* PBXTargetDependency */,
			);
			name = "Storyboards demoTests";
			productName = "Storyboards demoTests";
			productReference = 2C4B4C3E1A48EB830097FAFA /* Storyboards demoTests.xctest */;
			productType = "com.apple.product-type.bundle.unit-test";
		};
/* End PBXNativeTarget section */

/* Begin PBXProject section */
		2C4B4C211A48EB830097FAFA /* Project object */ = {
			isa = PBXProject;
			attributes = {
				LastUpgradeCheck = 0610;
				ORGANIZATIONNAME = "Dan Seals";
				TargetAttributes = {
					2C4B4C281A48EB830097FAFA = {
						CreatedOnToolsVersion = 6.1.1;
					};
					2C4B4C3D1A48EB830097FAFA = {
						CreatedOnToolsVersion = 6.1.1;
						TestTargetID = 2C4B4C281A48EB830097FAFA;
					};
				};
			};
			buildConfigurationList = 2C4B4C241A48EB830097FAFA /* Build configuration list for PBXProject "Storyboards demo" */;
			compatibilityVersion = "Xcode 3.2";
			developmentRegion = English;
			hasScannedForEncodings = 0;
			knownRegions = (
				en,
				Base,
			);
			mainGroup = 2C4B4C201A48EB830097FAFA;
			productRefGroup = 2C4B4C2A1A48EB830097FAFA /* Products */;
			projectDirPath = "";
			projectRoot = "";
			targets = (
				2C4B4C281A48EB830097FAFA /* Storyboards demo */,
				2C4B4C3D1A48EB830097FAFA /* Storyboards demoTests */,
			);
		};
/* End PBXProject section */

/* Begin PBXResourcesBuildPhase section */
		2C4B4C271A48EB830097FAFA /* Resources */ = {
			isa = PBXResourcesBuildPhase;
			buildActionMask = 2147483647;
			files = (
				2C4B4CB01A48FD610097FAFA /* sample-1144-baseball-helmet@2x.png in Resources */,
				2C4B4CA81A48FD610097FAFA /* sample-1049-at-sign@2x.png in Resources */,
				2C4B4C8C1A48FD610097FAFA /* sample-379-barbell.png in Resources */,
				2C4B4C841A48FD610097FAFA /* sample-04-squiggle.png in Resources */,
				2C4B4C821A48FD610097FAFA /* sample-02-redo.png in Resources */,
				2C4B4CA71A48FD610097FAFA /* sample-1040-checkmark@2x.png in Resources */,
				2C4B4CA01A48FD610097FAFA /* sample-920-handbag@2x.png in Resources */,
				2C4B4C871A48FD610097FAFA /* sample-305-palm-tree.png in Resources */,
				2C4B4C811A48FD610097FAFA /* sample-01-refresh.png in Resources */,
				2C4B4CA21A48FD610097FAFA /* sample-976-bow-and-arrow@2x.png in Resources */,
				2C4B4C9C1A48FD610097FAFA /* sample-881-globe@2x.png in Resources */,
				2C4B4C951A48FD610097FAFA /* sample-776-recycle@2x.png in Resources */,
				2C4B4C341A48EB830097FAFA /* Main.storyboard in Resources */,
				2C4B4C991A48FD610097FAFA /* sample-844-trumpet@2x.png in Resources */,
				2C4B4C831A48FD610097FAFA /* sample-03-loopback.png in Resources */,
				2C4B4C8A1A48FD610097FAFA /* sample-321-like.png in Resources */,
				2C4B4C8E1A48FD610097FAFA /* sample-401-globe.png in Resources */,
				2C4B4C881A48FD610097FAFA /* sample-307-atom.png in Resources */,
				2C4B4CB21A48FD610097FAFA /* sample-1240-group-error@2x.png in Resources */,
				2C4B4C391A48EB830097FAFA /* LaunchScreen.xib in Resources */,
				2C4B4CA11A48FD610097FAFA /* sample-935-power-socket@2x.png in Resources */,
				2C4B4C9D1A48FD610097FAFA /* sample-886-ice-cream-cone@2x.png in Resources */,
				2C4B4C981A48FD610097FAFA /* sample-834-bolt@2x.png in Resources */,
				2C4B4C8F1A48FD610097FAFA /* sample-405-test-tube.png in Resources */,
				2C4B4C941A48FD610097FAFA /* sample-603-anchor.png in Resources */,
				2C4B4C911A48FD610097FAFA /* sample-518-filter.png in Resources */,
				2C4B4C9E1A48FD610097FAFA /* sample-894-t-shirt@2x.png in Resources */,
				2C4B4C851A48FD610097FAFA /* sample-05-shuffle.png in Resources */,
				2C4B4CAD1A48FD610097FAFA /* sample-1093-lightning-bolt-2@2x.png in Resources */,
				2C4B4CAB1A48FD610097FAFA /* sample-1079-fork-path@2x.png in Resources */,
				2C4B4C921A48FD610097FAFA /* sample-552-flag-1.png in Resources */,
				2C4B4C861A48FD610097FAFA /* sample-302-swords.png in Resources */,
				2C4B4CAF1A48FD610097FAFA /* sample-1116-slayer-hand@2x.png in Resources */,
				2C4B4C8B1A48FD610097FAFA /* sample-335-magic-wand.png in Resources */,
				2C4B4CAE1A48FD610097FAFA /* sample-1111-flick-left@2x.png in Resources */,
				2C4B4C901A48FD610097FAFA /* sample-504-doghouse.png in Resources */,
				2C4B4C9F1A48FD610097FAFA /* sample-908-target@2x.png in Resources */,
				2C4B4CAA1A48FD610097FAFA /* sample-1067-enter-fullscreen@2x.png in Resources */,
				2C4B4CA51A48FD610097FAFA /* sample-1012-sticky-note@2x.png in Resources */,
				2C4B4C931A48FD610097FAFA /* sample-583-broadcast.png in Resources */,
				2C4B4CA31A48FD610097FAFA /* sample-986-ghost@2x.png in Resources */,
				2C4B4CA61A48FD610097FAFA /* sample-1013-hammer@2x.png in Resources */,
				2C4B4C9B1A48FD610097FAFA /* sample-855-door@2x.png in Resources */,
				2C4B4CB11A48FD610097FAFA /* sample-1189-snake@2x.png in Resources */,
				2C4B4C891A48FD610097FAFA /* sample-316-truck.png in Resources */,
				2C4B4CA91A48FD610097FAFA /* sample-1055-ticket@2x.png in Resources */,
				2C4B4C8D1A48FD610097FAFA /* sample-394-bank.png in Resources */,
				2C4B4C961A48FD610097FAFA /* sample-820-bathtub@2x.png in Resources */,
				2C4B4C971A48FD610097FAFA /* sample-821-stamp@2x.png in Resources */,
				2C4B4C9A1A48FD610097FAFA /* sample-853-fence@2x.png in Resources */,
				2C4B4C361A48EB830097FAFA /* Images.xcassets in Resources */,
				2C4B4CAC1A48FD610097FAFA /* sample-1082-merge@2x.png in Resources */,
				2C4B4CA41A48FD610097FAFA /* sample-1004-voicemail@2x.png in Resources */,
			);
			runOnlyForDeploymentPostprocessing = 0;
		};
		2C4B4C3C1A48EB830097FAFA /* Resources */ = {
			isa = PBXResourcesBuildPhase;
			buildActionMask = 2147483647;
			files = (
			);
			runOnlyForDeploymentPostprocessing = 0;
		};
/* End PBXResourcesBuildPhase section */

/* Begin PBXSourcesBuildPhase section */
		2C4B4C251A48EB830097FAFA /* Sources */ = {
			isa = PBXSourcesBuildPhase;
			buildActionMask = 2147483647;
			files = (
				2C4B4C311A48EB830097FAFA /* ViewController.swift in Sources */,
				2C4B4C2F1A48EB830097FAFA /* AppDelegate.swift in Sources */,
			);
			runOnlyForDeploymentPostprocessing = 0;
		};
		2C4B4C3A1A48EB830097FAFA /* Sources */ = {
			isa = PBXSourcesBuildPhase;
			buildActionMask = 2147483647;
			files = (
				2C4B4C451A48EB830097FAFA /* Storyboards_demoTests.swift in Sources */,
			);
			runOnlyForDeploymentPostprocessing = 0;
		};
/* End PBXSourcesBuildPhase section */

/* Begin PBXTargetDependency section */
		2C4B4C401A48EB830097FAFA /* PBXTargetDependency */ = {
			isa = PBXTargetDependency;
			target = 2C4B4C281A48EB830097FAFA /* Storyboards demo */;
			targetProxy = 2C4B4C3F1A48EB830097FAFA /* PBXContainerItemProxy */;
		};
/* End PBXTargetDependency section */

/* Begin PBXVariantGroup section */
		2C4B4C321A48EB830097FAFA /* Main.storyboard */ = {
			isa = PBXVariantGroup;
			children = (
				2C4B4C331A48EB830097FAFA /* Base */,
			);
			name = Main.storyboard;
			sourceTree = "<group>";
		};
		2C4B4C371A48EB830097FAFA /* LaunchScreen.xib */ = {
			isa = PBXVariantGroup;
			children = (
				2C4B4C381A48EB830097FAFA /* Base */,
			);
			name = LaunchScreen.xib;
			sourceTree = "<group>";
		};
/* End PBXVariantGroup section */

/* Begin XCBuildConfiguration section */
		2C4B4C461A48EB830097FAFA /* Debug */ = {
			isa = XCBuildConfiguration;
			buildSettings = {
				ALWAYS_SEARCH_USER_PATHS = NO;
				CLANG_CXX_LANGUAGE_STANDARD = "gnu++0x";
				CLANG_CXX_LIBRARY = "libc++";
				CLANG_ENABLE_MODULES = YES;
				CLANG_ENABLE_OBJC_ARC = YES;
				CLANG_WARN_BOOL_CONVERSION = YES;
				CLANG_WARN_CONSTANT_CONVERSION = YES;
				CLANG_WARN_DIRECT_OBJC_ISA_USAGE = YES_ERROR;
				CLANG_WARN_EMPTY_BODY = YES;
				CLANG_WARN_ENUM_CONVERSION = YES;
				CLANG_WARN_INT_CONVERSION = YES;
				CLANG_WARN_OBJC_ROOT_CLASS = YES_ERROR;
				CLANG_WARN_UNREACHABLE_CODE = YES;
				CLANG_WARN__DUPLICATE_METHOD_MATCH = YES;
				"CODE_SIGN_IDENTITY[sdk=iphoneos*]" = "iPhone Developer";
				COPY_PHASE_STRIP = NO;
				ENABLE_STRICT_OBJC_MSGSEND = YES;
				GCC_C_LANGUAGE_STANDARD = gnu99;
				GCC_DYNAMIC_NO_PIC = NO;
				GCC_OPTIMIZATION_LEVEL = 0;
				GCC_PREPROCESSOR_DEFINITIONS = (
					"DEBUG=1",
					"$(inherited)",
				);
				GCC_SYMBOLS_PRIVATE_EXTERN = NO;
				GCC_WARN_64_TO_32_BIT_CONVERSION = YES;
				GCC_WARN_ABOUT_RETURN_TYPE = YES_ERROR;
				GCC_WARN_UNDECLARED_SELECTOR = YES;
				GCC_WARN_UNINITIALIZED_AUTOS = YES_AGGRESSIVE;
				GCC_WARN_UNUSED_FUNCTION = YES;
				GCC_WARN_UNUSED_VARIABLE = YES;
				IPHONEOS_DEPLOYMENT_TARGET = 8.1;
				MTL_ENABLE_DEBUG_INFO = YES;
				ONLY_ACTIVE_ARCH = YES;
				SDKROOT = iphoneos;
				SWIFT_OPTIMIZATION_LEVEL = "-Onone";
			};
			name = Debug;
		};
		2C4B4C471A48EB830097FAFA /* Release */ = {
			isa = XCBuildConfiguration;
			buildSettings = {
				ALWAYS_SEARCH_USER_PATHS = NO;
				CLANG_CXX_LANGUAGE_STANDARD = "gnu++0x";
				CLANG_CXX_LIBRARY = "libc++";
				CLANG_ENABLE_MODULES = YES;
				CLANG_ENABLE_OBJC_ARC = YES;
				CLANG_WARN_BOOL_CONVERSION = YES;
				CLANG_WARN_CONSTANT_CONVERSION = YES;
				CLANG_WARN_DIRECT_OBJC_ISA_USAGE = YES_ERROR;
				CLANG_WARN_EMPTY_BODY = YES;
				CLANG_WARN_ENUM_CONVERSION = YES;
				CLANG_WARN_INT_CONVERSION = YES;
				CLANG_WARN_OBJC_ROOT_CLASS = YES_ERROR;
				CLANG_WARN_UNREACHABLE_CODE = YES;
				CLANG_WARN__DUPLICATE_METHOD_MATCH = YES;
				"CODE_SIGN_IDENTITY[sdk=iphoneos*]" = "iPhone Developer";
				COPY_PHASE_STRIP = YES;
				ENABLE_NS_ASSERTIONS = NO;
				ENABLE_STRICT_OBJC_MSGSEND = YES;
				GCC_C_LANGUAGE_STANDARD = gnu99;
				GCC_WARN_64_TO_32_BIT_CONVERSION = YES;
				GCC_WARN_ABOUT_RETURN_TYPE = YES_ERROR;
				GCC_WARN_UNDECLARED_SELECTOR = YES;
				GCC_WARN_UNINITIALIZED_AUTOS = YES_AGGRESSIVE;
				GCC_WARN_UNUSED_FUNCTION = YES;
				GCC_WARN_UNUSED_VARIABLE = YES;
				IPHONEOS_DEPLOYMENT_TARGET = 8.1;
				MTL_ENABLE_DEBUG_INFO = NO;
				SDKROOT = iphoneos;
				VALIDATE_PRODUCT = YES;
			};
			name = Release;
		};
		2C4B4C491A48EB830097FAFA /* Debug */ = {
			isa = XCBuildConfiguration;
			buildSettings = {
				ASSETCATALOG_COMPILER_APPICON_NAME = AppIcon;
				INFOPLIST_FILE = "Storyboards demo/Info.plist";
				LD_RUNPATH_SEARCH_PATHS = "$(inherited) @executable_path/Frameworks";
				PRODUCT_NAME = "$(TARGET_NAME)";
			};
			name = Debug;
		};
		2C4B4C4A1A48EB830097FAFA /* Release */ = {
			isa = XCBuildConfiguration;
			buildSettings = {
				ASSETCATALOG_COMPILER_APPICON_NAME = AppIcon;
				INFOPLIST_FILE = "Storyboards demo/Info.plist";
				LD_RUNPATH_SEARCH_PATHS = "$(inherited) @executable_path/Frameworks";
				PRODUCT_NAME = "$(TARGET_NAME)";
			};
			name = Release;
		};
		2C4B4C4C1A48EB830097FAFA /* Debug */ = {
			isa = XCBuildConfiguration;
			buildSettings = {
				BUNDLE_LOADER = "$(TEST_HOST)";
				FRAMEWORK_SEARCH_PATHS = (
					"$(SDKROOT)/Developer/Library/Frameworks",
					"$(inherited)",
				);
				GCC_PREPROCESSOR_DEFINITIONS = (
					"DEBUG=1",
					"$(inherited)",
				);
				INFOPLIST_FILE = "Storyboards demoTests/Info.plist";
				LD_RUNPATH_SEARCH_PATHS = "$(inherited) @executable_path/Frameworks @loader_path/Frameworks";
				PRODUCT_NAME = "$(TARGET_NAME)";
				TEST_HOST = "$(BUILT_PRODUCTS_DIR)/Storyboards demo.app/Storyboards demo";
			};
			name = Debug;
		};
		2C4B4C4D1A48EB830097FAFA /* Release */ = {
			isa = XCBuildConfiguration;
			buildSettings = {
				BUNDLE_LOADER = "$(TEST_HOST)";
				FRAMEWORK_SEARCH_PATHS = (
					"$(SDKROOT)/Developer/Library/Frameworks",
					"$(inherited)",
				);
				INFOPLIST_FILE = "Storyboards demoTests/Info.plist";
				LD_RUNPATH_SEARCH_PATHS = "$(inherited) @executable_path/Frameworks @loader_path/Frameworks";
				PRODUCT_NAME = "$(TARGET_NAME)";
				TEST_HOST = "$(BUILT_PRODUCTS_DIR)/Storyboards demo.app/Storyboards demo";
			};
			name = Release;
		};
/* End XCBuildConfiguration section */

/* Begin XCConfigurationList section */
		2C4B4C241A48EB830097FAFA /* Build configuration list for PBXProject "Storyboards demo" */ = {
			isa = XCConfigurationList;
			buildConfigurations = (
				2C4B4C461A48EB830097FAFA /* Debug */,
				2C4B4C471A48EB830097FAFA /* Release */,
			);
			defaultConfigurationIsVisible = 0;
			defaultConfigurationName = Release;
		};
		2C4B4C481A48EB830097FAFA /* Build configuration list for PBXNativeTarget "Storyboards demo" */ = {
			isa = XCConfigurationList;
			buildConfigurations = (
				2C4B4C491A48EB830097FAFA /* Debug */,
				2C4B4C4A1A48EB830097FAFA /* Release */,
			);
			defaultConfigurationIsVisible = 0;
			defaultConfigurationName = Release;
		};
		2C4B4C4B1A48EB830097FAFA /* Build configuration list for PBXNativeTarget "Storyboards demoTests" */ = {
			isa = XCConfigurationList;
			buildConfigurations = (
				2C4B4C4C1A48EB830097FAFA /* Debug */,
				2C4B4C4D1A48EB830097FAFA /* Release */,
			);
			defaultConfigurationIsVisible = 0;
			defaultConfigurationName = Release;
		};
/* End XCConfigurationList section */
	};
	rootObject = 2C4B4C211A48EB830097FAFA /* Project object */;
}
